// !$*UTF8*$!
{
	archiveVersion = 1;
	classes = {
	};
	objectVersion = 56;
	objects = {

/* Begin PBXBuildFile section */
		67279C562B5F935800D2F8BE /* User.swift in Sources */ = {isa = PBXBuildFile; fileRef = 67279C552B5F935800D2F8BE /* User.swift */; };
		6765AE3A2B01F19F00DE6E2E /* AppDelegate.swift in Sources */ = {isa = PBXBuildFile; fileRef = 6765AE392B01F19F00DE6E2E /* AppDelegate.swift */; };
		6765AE3C2B01F19F00DE6E2E /* SceneDelegate.swift in Sources */ = {isa = PBXBuildFile; fileRef = 6765AE3B2B01F19F00DE6E2E /* SceneDelegate.swift */; };
		6765AE432B01F1A000DE6E2E /* Assets.xcassets in Resources */ = {isa = PBXBuildFile; fileRef = 6765AE422B01F1A000DE6E2E /* Assets.xcassets */; };
		6765AE462B01F1A000DE6E2E /* LaunchScreen.storyboard in Resources */ = {isa = PBXBuildFile; fileRef = 6765AE442B01F1A000DE6E2E /* LaunchScreen.storyboard */; };
		6765AE4E2B01F9CC00DE6E2E /* SearchVC.swift in Sources */ = {isa = PBXBuildFile; fileRef = 6765AE4D2B01F9CC00DE6E2E /* SearchVC.swift */; };
		6765AE502B01FA1100DE6E2E /* FavoritesListVC.swift in Sources */ = {isa = PBXBuildFile; fileRef = 6765AE4F2B01FA1100DE6E2E /* FavoritesListVC.swift */; };
		67DC8CD22B19BE0B00F3ED8F /* GFButton.swift in Sources */ = {isa = PBXBuildFile; fileRef = 67DC8CD12B19BE0B00F3ED8F /* GFButton.swift */; };
		67DC8CD42B1BABB000F3ED8F /* GFTextField.swift in Sources */ = {isa = PBXBuildFile; fileRef = 67DC8CD32B1BABB000F3ED8F /* GFTextField.swift */; };
		67DC8CD62B1BDC9400F3ED8F /* FollowerListVC.swift in Sources */ = {isa = PBXBuildFile; fileRef = 67DC8CD52B1BDC9400F3ED8F /* FollowerListVC.swift */; };
		67DC8CD82B1C006D00F3ED8F /* GFTitleLabel.swift in Sources */ = {isa = PBXBuildFile; fileRef = 67DC8CD72B1C006D00F3ED8F /* GFTitleLabel.swift */; };
		67DC8CDA2B1D976900F3ED8F /* GFBodyLabel.swift in Sources */ = {isa = PBXBuildFile; fileRef = 67DC8CD92B1D976900F3ED8F /* GFBodyLabel.swift */; };
		67DC8CDC2B1D985500F3ED8F /* GFAlertVC.swift in Sources */ = {isa = PBXBuildFile; fileRef = 67DC8CDB2B1D985500F3ED8F /* GFAlertVC.swift */; };
		67DC8CDE2B1F031300F3ED8F /* UIViewController+Ext.swift in Sources */ = {isa = PBXBuildFile; fileRef = 67DC8CDD2B1F031300F3ED8F /* UIViewController+Ext.swift */; };
		67E2886C2B4382F90049E2AA /* Follower.swift in Sources */ = {isa = PBXBuildFile; fileRef = 67E2886B2B4382F90049E2AA /* Follower.swift */; };
/* End PBXBuildFile section */

/* Begin PBXFileReference section */
		67279C552B5F935800D2F8BE /* User.swift */ = {isa = PBXFileReference; lastKnownFileType = sourcecode.swift; path = User.swift; sourceTree = "<group>"; };
		6765AE362B01F19F00DE6E2E /* GHFollowers.app */ = {isa = PBXFileReference; explicitFileType = wrapper.application; includeInIndex = 0; path = GHFollowers.app; sourceTree = BUILT_PRODUCTS_DIR; };
		6765AE392B01F19F00DE6E2E /* AppDelegate.swift */ = {isa = PBXFileReference; lastKnownFileType = sourcecode.swift; path = AppDelegate.swift; sourceTree = "<group>"; };
		6765AE3B2B01F19F00DE6E2E /* SceneDelegate.swift */ = {isa = PBXFileReference; lastKnownFileType = sourcecode.swift; path = SceneDelegate.swift; sourceTree = "<group>"; };
		6765AE422B01F1A000DE6E2E /* Assets.xcassets */ = {isa = PBXFileReference; lastKnownFileType = folder.assetcatalog; path = Assets.xcassets; sourceTree = "<group>"; };
		6765AE452B01F1A000DE6E2E /* Base */ = {isa = PBXFileReference; lastKnownFileType = file.storyboard; name = Base; path = Base.lproj/LaunchScreen.storyboard; sourceTree = "<group>"; };
		6765AE472B01F1A000DE6E2E /* Info.plist */ = {isa = PBXFileReference; lastKnownFileType = text.plist.xml; path = Info.plist; sourceTree = "<group>"; };
		6765AE4D2B01F9CC00DE6E2E /* SearchVC.swift */ = {isa = PBXFileReference; lastKnownFileType = sourcecode.swift; path = SearchVC.swift; sourceTree = "<group>"; };
		6765AE4F2B01FA1100DE6E2E /* FavoritesListVC.swift */ = {isa = PBXFileReference; lastKnownFileType = sourcecode.swift; path = FavoritesListVC.swift; sourceTree = "<group>"; };
		67DC8CD12B19BE0B00F3ED8F /* GFButton.swift */ = {isa = PBXFileReference; lastKnownFileType = sourcecode.swift; path = GFButton.swift; sourceTree = "<group>"; };
		67DC8CD32B1BABB000F3ED8F /* GFTextField.swift */ = {isa = PBXFileReference; lastKnownFileType = sourcecode.swift; path = GFTextField.swift; sourceTree = "<group>"; };
		67DC8CD52B1BDC9400F3ED8F /* FollowerListVC.swift */ = {isa = PBXFileReference; lastKnownFileType = sourcecode.swift; path = FollowerListVC.swift; sourceTree = "<group>"; };
		67DC8CD72B1C006D00F3ED8F /* GFTitleLabel.swift */ = {isa = PBXFileReference; lastKnownFileType = sourcecode.swift; path = GFTitleLabel.swift; sourceTree = "<group>"; };
		67DC8CD92B1D976900F3ED8F /* GFBodyLabel.swift */ = {isa = PBXFileReference; lastKnownFileType = sourcecode.swift; path = GFBodyLabel.swift; sourceTree = "<group>"; };
		67DC8CDB2B1D985500F3ED8F /* GFAlertVC.swift */ = {isa = PBXFileReference; lastKnownFileType = sourcecode.swift; path = GFAlertVC.swift; sourceTree = "<group>"; };
		67DC8CDD2B1F031300F3ED8F /* UIViewController+Ext.swift */ = {isa = PBXFileReference; lastKnownFileType = sourcecode.swift; path = "UIViewController+Ext.swift"; sourceTree = "<group>"; };
		67E2886B2B4382F90049E2AA /* Follower.swift */ = {isa = PBXFileReference; lastKnownFileType = sourcecode.swift; path = Follower.swift; sourceTree = "<group>"; };
/* End PBXFileReference section */

/* Begin PBXFrameworksBuildPhase section */
		6765AE332B01F19F00DE6E2E /* Frameworks */ = {
			isa = PBXFrameworksBuildPhase;
			buildActionMask = 2147483647;
			files = (
			);
			runOnlyForDeploymentPostprocessing = 0;
		};
/* End PBXFrameworksBuildPhase section */

/* Begin PBXGroup section */
		6765AE2D2B01F19F00DE6E2E = {
			isa = PBXGroup;
			children = (
				6765AE382B01F19F00DE6E2E /* GHFollowers */,
				6765AE372B01F19F00DE6E2E /* Products */,
			);
			sourceTree = "<group>";
		};
		6765AE372B01F19F00DE6E2E /* Products */ = {
			isa = PBXGroup;
			children = (
				6765AE362B01F19F00DE6E2E /* GHFollowers.app */,
			);
			name = Products;
			sourceTree = "<group>";
		};
		6765AE382B01F19F00DE6E2E /* GHFollowers */ = {
			isa = PBXGroup;
			children = (
				67E2886A2B4382D30049E2AA /* Model */,
				67DC8CE22B22F58000F3ED8F /* Support */,
				67DC8CE12B22F51900F3ED8F /* Extension */,
				67DC8CE02B22F3DC00F3ED8F /* Custom Views */,
				67DC8CDF2B22F34100F3ED8F /* Screens */,
			);
			path = GHFollowers;
			sourceTree = "<group>";
		};
		67DC8CDF2B22F34100F3ED8F /* Screens */ = {
			isa = PBXGroup;
			children = (
				67DC8CD52B1BDC9400F3ED8F /* FollowerListVC.swift */,
				6765AE4F2B01FA1100DE6E2E /* FavoritesListVC.swift */,
				6765AE4D2B01F9CC00DE6E2E /* SearchVC.swift */,
			);
			path = Screens;
			sourceTree = "<group>";
		};
		67DC8CE02B22F3DC00F3ED8F /* Custom Views */ = {
			isa = PBXGroup;
			children = (
				67DC8CDB2B1D985500F3ED8F /* GFAlertVC.swift */,
				67DC8CD12B19BE0B00F3ED8F /* GFButton.swift */,
				67DC8CD32B1BABB000F3ED8F /* GFTextField.swift */,
				67DC8CD72B1C006D00F3ED8F /* GFTitleLabel.swift */,
				67DC8CD92B1D976900F3ED8F /* GFBodyLabel.swift */,
			);
			path = "Custom Views";
			sourceTree = "<group>";
		};
		67DC8CE12B22F51900F3ED8F /* Extension */ = {
			isa = PBXGroup;
			children = (
				67DC8CDD2B1F031300F3ED8F /* UIViewController+Ext.swift */,
			);
			path = Extension;
			sourceTree = "<group>";
		};
		67DC8CE22B22F58000F3ED8F /* Support */ = {
			isa = PBXGroup;
			children = (
				6765AE392B01F19F00DE6E2E /* AppDelegate.swift */,
				6765AE3B2B01F19F00DE6E2E /* SceneDelegate.swift */,
				6765AE422B01F1A000DE6E2E /* Assets.xcassets */,
				6765AE442B01F1A000DE6E2E /* LaunchScreen.storyboard */,
				6765AE472B01F1A000DE6E2E /* Info.plist */,
			);
			path = Support;
			sourceTree = "<group>";
		};
		67E2886A2B4382D30049E2AA /* Model */ = {
			isa = PBXGroup;
			children = (
				67E2886B2B4382F90049E2AA /* Follower.swift */,
				67279C552B5F935800D2F8BE /* User.swift */,
			);
			path = Model;
			sourceTree = "<group>";
		};
/* End PBXGroup section */

/* Begin PBXNativeTarget section */
		6765AE352B01F19F00DE6E2E /* GHFollowers */ = {
			isa = PBXNativeTarget;
			buildConfigurationList = 6765AE4A2B01F1A000DE6E2E /* Build configuration list for PBXNativeTarget "GHFollowers" */;
			buildPhases = (
				6765AE322B01F19F00DE6E2E /* Sources */,
				6765AE332B01F19F00DE6E2E /* Frameworks */,
				6765AE342B01F19F00DE6E2E /* Resources */,
			);
			buildRules = (
			);
			dependencies = (
			);
			name = GHFollowers;
			productName = GHFollowers;
			productReference = 6765AE362B01F19F00DE6E2E /* GHFollowers.app */;
			productType = "com.apple.product-type.application";
		};
/* End PBXNativeTarget section */

/* Begin PBXProject section */
		6765AE2E2B01F19F00DE6E2E /* Project object */ = {
			isa = PBXProject;
			attributes = {
				BuildIndependentTargetsInParallel = 1;
				LastSwiftUpdateCheck = 1430;
				LastUpgradeCheck = 1430;
				TargetAttributes = {
					6765AE352B01F19F00DE6E2E = {
						CreatedOnToolsVersion = 14.3.1;
					};
				};
			};
			buildConfigurationList = 6765AE312B01F19F00DE6E2E /* Build configuration list for PBXProject "GHFollowers" */;
			compatibilityVersion = "Xcode 14.0";
			developmentRegion = en;
			hasScannedForEncodings = 0;
			knownRegions = (
				en,
				Base,
			);
			mainGroup = 6765AE2D2B01F19F00DE6E2E;
			productRefGroup = 6765AE372B01F19F00DE6E2E /* Products */;
			projectDirPath = "";
			projectRoot = "";
			targets = (
				6765AE352B01F19F00DE6E2E /* GHFollowers */,
			);
		};
/* End PBXProject section */

/* Begin PBXResourcesBuildPhase section */
		6765AE342B01F19F00DE6E2E /* Resources */ = {
			isa = PBXResourcesBuildPhase;
			buildActionMask = 2147483647;
			files = (
				6765AE462B01F1A000DE6E2E /* LaunchScreen.storyboard in Resources */,
				6765AE432B01F1A000DE6E2E /* Assets.xcassets in Resources */,
			);
			runOnlyForDeploymentPostprocessing = 0;
		};
/* End PBXResourcesBuildPhase section */

/* Begin PBXSourcesBuildPhase section */
		6765AE322B01F19F00DE6E2E /* Sources */ = {
			isa = PBXSourcesBuildPhase;
			buildActionMask = 2147483647;
			files = (
				67279C562B5F935800D2F8BE /* User.swift in Sources */,
				67DC8CD42B1BABB000F3ED8F /* GFTextField.swift in Sources */,
				6765AE502B01FA1100DE6E2E /* FavoritesListVC.swift in Sources */,
				67DC8CD22B19BE0B00F3ED8F /* GFButton.swift in Sources */,
				67DC8CDE2B1F031300F3ED8F /* UIViewController+Ext.swift in Sources */,
				6765AE4E2B01F9CC00DE6E2E /* SearchVC.swift in Sources */,
				67DC8CDC2B1D985500F3ED8F /* GFAlertVC.swift in Sources */,
				67DC8CDA2B1D976900F3ED8F /* GFBodyLabel.swift in Sources */,
				67E2886C2B4382F90049E2AA /* Follower.swift in Sources */,
				67DC8CD82B1C006D00F3ED8F /* GFTitleLabel.swift in Sources */,
				67DC8CD62B1BDC9400F3ED8F /* FollowerListVC.swift in Sources */,
				6765AE3A2B01F19F00DE6E2E /* AppDelegate.swift in Sources */,
				6765AE3C2B01F19F00DE6E2E /* SceneDelegate.swift in Sources */,
			);
			runOnlyForDeploymentPostprocessing = 0;
		};
/* End PBXSourcesBuildPhase section */

/* Begin PBXVariantGroup section */
		6765AE442B01F1A000DE6E2E /* LaunchScreen.storyboard */ = {
			isa = PBXVariantGroup;
			children = (
				6765AE452B01F1A000DE6E2E /* Base */,
			);
			name = LaunchScreen.storyboard;
			sourceTree = "<group>";
		};
/* End PBXVariantGroup section */

/* Begin XCBuildConfiguration section */
		6765AE482B01F1A000DE6E2E /* Debug */ = {
			isa = XCBuildConfiguration;
			buildSettings = {
				ALWAYS_SEARCH_USER_PATHS = NO;
				CLANG_ANALYZER_NONNULL = YES;
				CLANG_ANALYZER_NUMBER_OBJECT_CONVERSION = YES_AGGRESSIVE;
				CLANG_CXX_LANGUAGE_STANDARD = "gnu++20";
				CLANG_ENABLE_MODULES = YES;
				CLANG_ENABLE_OBJC_ARC = YES;
				CLANG_ENABLE_OBJC_WEAK = YES;
				CLANG_WARN_BLOCK_CAPTURE_AUTORELEASING = YES;
				CLANG_WARN_BOOL_CONVERSION = YES;
				CLANG_WARN_COMMA = YES;
				CLANG_WARN_CONSTANT_CONVERSION = YES;
				CLANG_WARN_DEPRECATED_OBJC_IMPLEMENTATIONS = YES;
				CLANG_WARN_DIRECT_OBJC_ISA_USAGE = YES_ERROR;
				CLANG_WARN_DOCUMENTATION_COMMENTS = YES;
				CLANG_WARN_EMPTY_BODY = YES;
				CLANG_WARN_ENUM_CONVERSION = YES;
				CLANG_WARN_INFINITE_RECURSION = YES;
				CLANG_WARN_INT_CONVERSION = YES;
				CLANG_WARN_NON_LITERAL_NULL_CONVERSION = YES;
				CLANG_WARN_OBJC_IMPLICIT_RETAIN_SELF = YES;
				CLANG_WARN_OBJC_LITERAL_CONVERSION = YES;
				CLANG_WARN_OBJC_ROOT_CLASS = YES_ERROR;
				CLANG_WARN_QUOTED_INCLUDE_IN_FRAMEWORK_HEADER = YES;
				CLANG_WARN_RANGE_LOOP_ANALYSIS = YES;
				CLANG_WARN_STRICT_PROTOTYPES = YES;
				CLANG_WARN_SUSPICIOUS_MOVE = YES;
				CLANG_WARN_UNGUARDED_AVAILABILITY = YES_AGGRESSIVE;
				CLANG_WARN_UNREACHABLE_CODE = YES;
				CLANG_WARN__DUPLICATE_METHOD_MATCH = YES;
				COPY_PHASE_STRIP = NO;
				DEBUG_INFORMATION_FORMAT = dwarf;
				ENABLE_STRICT_OBJC_MSGSEND = YES;
				ENABLE_TESTABILITY = YES;
				GCC_C_LANGUAGE_STANDARD = gnu11;
				GCC_DYNAMIC_NO_PIC = NO;
				GCC_NO_COMMON_BLOCKS = YES;
				GCC_OPTIMIZATION_LEVEL = 0;
				GCC_PREPROCESSOR_DEFINITIONS = (
					"DEBUG=1",
					"$(inherited)",
				);
				GCC_WARN_64_TO_32_BIT_CONVERSION = YES;
				GCC_WARN_ABOUT_RETURN_TYPE = YES_ERROR;
				GCC_WARN_UNDECLARED_SELECTOR = YES;
				GCC_WARN_UNINITIALIZED_AUTOS = YES_AGGRESSIVE;
				GCC_WARN_UNUSED_FUNCTION = YES;
				GCC_WARN_UNUSED_VARIABLE = YES;
				IPHONEOS_DEPLOYMENT_TARGET = 16.4;
				MTL_ENABLE_DEBUG_INFO = INCLUDE_SOURCE;
				MTL_FAST_MATH = YES;
				ONLY_ACTIVE_ARCH = YES;
				SDKROOT = iphoneos;
				SWIFT_ACTIVE_COMPILATION_CONDITIONS = DEBUG;
				SWIFT_OPTIMIZATION_LEVEL = "-Onone";
			};
			name = Debug;
		};
		6765AE492B01F1A000DE6E2E /* Release */ = {
			isa = XCBuildConfiguration;
			buildSettings = {
				ALWAYS_SEARCH_USER_PATHS = NO;
				CLANG_ANALYZER_NONNULL = YES;
				CLANG_ANALYZER_NUMBER_OBJECT_CONVERSION = YES_AGGRESSIVE;
				CLANG_CXX_LANGUAGE_STANDARD = "gnu++20";
				CLANG_ENABLE_MODULES = YES;
				CLANG_ENABLE_OBJC_ARC = YES;
				CLANG_ENABLE_OBJC_WEAK = YES;
				CLANG_WARN_BLOCK_CAPTURE_AUTORELEASING = YES;
				CLANG_WARN_BOOL_CONVERSION = YES;
				CLANG_WARN_COMMA = YES;
				CLANG_WARN_CONSTANT_CONVERSION = YES;
				CLANG_WARN_DEPRECATED_OBJC_IMPLEMENTATIONS = YES;
				CLANG_WARN_DIRECT_OBJC_ISA_USAGE = YES_ERROR;
				CLANG_WARN_DOCUMENTATION_COMMENTS = YES;
				CLANG_WARN_EMPTY_BODY = YES;
				CLANG_WARN_ENUM_CONVERSION = YES;
				CLANG_WARN_INFINITE_RECURSION = YES;
				CLANG_WARN_INT_CONVERSION = YES;
				CLANG_WARN_NON_LITERAL_NULL_CONVERSION = YES;
				CLANG_WARN_OBJC_IMPLICIT_RETAIN_SELF = YES;
				CLANG_WARN_OBJC_LITERAL_CONVERSION = YES;
				CLANG_WARN_OBJC_ROOT_CLASS = YES_ERROR;
				CLANG_WARN_QUOTED_INCLUDE_IN_FRAMEWORK_HEADER = YES;
				CLANG_WARN_RANGE_LOOP_ANALYSIS = YES;
				CLANG_WARN_STRICT_PROTOTYPES = YES;
				CLANG_WARN_SUSPICIOUS_MOVE = YES;
				CLANG_WARN_UNGUARDED_AVAILABILITY = YES_AGGRESSIVE;
				CLANG_WARN_UNREACHABLE_CODE = YES;
				CLANG_WARN__DUPLICATE_METHOD_MATCH = YES;
				COPY_PHASE_STRIP = NO;
				DEBUG_INFORMATION_FORMAT = "dwarf-with-dsym";
				ENABLE_NS_ASSERTIONS = NO;
				ENABLE_STRICT_OBJC_MSGSEND = YES;
				GCC_C_LANGUAGE_STANDARD = gnu11;
				GCC_NO_COMMON_BLOCKS = YES;
				GCC_WARN_64_TO_32_BIT_CONVERSION = YES;
				GCC_WARN_ABOUT_RETURN_TYPE = YES_ERROR;
				GCC_WARN_UNDECLARED_SELECTOR = YES;
				GCC_WARN_UNINITIALIZED_AUTOS = YES_AGGRESSIVE;
				GCC_WARN_UNUSED_FUNCTION = YES;
				GCC_WARN_UNUSED_VARIABLE = YES;
				IPHONEOS_DEPLOYMENT_TARGET = 16.4;
				MTL_ENABLE_DEBUG_INFO = NO;
				MTL_FAST_MATH = YES;
				SDKROOT = iphoneos;
				SWIFT_COMPILATION_MODE = wholemodule;
				SWIFT_OPTIMIZATION_LEVEL = "-O";
				VALIDATE_PRODUCT = YES;
			};
			name = Release;
		};
		6765AE4B2B01F1A000DE6E2E /* Debug */ = {
			isa = XCBuildConfiguration;
			buildSettings = {
				ASSETCATALOG_COMPILER_APPICON_NAME = AppIcon;
				ASSETCATALOG_COMPILER_GLOBAL_ACCENT_COLOR_NAME = AccentColor;
				CODE_SIGN_STYLE = Automatic;
				CURRENT_PROJECT_VERSION = 1;
				DEVELOPMENT_TEAM = 6TFQBUSASP;
				GENERATE_INFOPLIST_FILE = YES;
				INFOPLIST_FILE = GHFollowers/Info.plist;
				INFOPLIST_KEY_UIApplicationSupportsIndirectInputEvents = YES;
				INFOPLIST_KEY_UILaunchStoryboardName = LaunchScreen;
				INFOPLIST_KEY_UIMainStoryboardFile = "";
				INFOPLIST_KEY_UISupportedInterfaceOrientations = UIInterfaceOrientationPortrait;
				LD_RUNPATH_SEARCH_PATHS = (
					"$(inherited)",
					"@executable_path/Frameworks",
				);
				MARKETING_VERSION = 1.0;
				PRODUCT_BUNDLE_IDENTIFIER = com.Liyuan.GHFollowers;
				PRODUCT_NAME = "$(TARGET_NAME)";
				SWIFT_EMIT_LOC_STRINGS = YES;
				SWIFT_VERSION = 5.0;
				TARGETED_DEVICE_FAMILY = "1,2";
			};
			name = Debug;
		};
		6765AE4C2B01F1A000DE6E2E /* Release */ = {
			isa = XCBuildConfiguration;
			buildSettings = {
				ASSETCATALOG_COMPILER_APPICON_NAME = AppIcon;
				ASSETCATALOG_COMPILER_GLOBAL_ACCENT_COLOR_NAME = AccentColor;
				CODE_SIGN_STYLE = Automatic;
				CURRENT_PROJECT_VERSION = 1;
				DEVELOPMENT_TEAM = 6TFQBUSASP;
				GENERATE_INFOPLIST_FILE = YES;
				INFOPLIST_FILE = GHFollowers/Info.plist;
				INFOPLIST_KEY_UIApplicationSupportsIndirectInputEvents = YES;
				INFOPLIST_KEY_UILaunchStoryboardName = LaunchScreen;
				INFOPLIST_KEY_UIMainStoryboardFile = "";
				INFOPLIST_KEY_UISupportedInterfaceOrientations = UIInterfaceOrientationPortrait;
				LD_RUNPATH_SEARCH_PATHS = (
					"$(inherited)",
					"@executable_path/Frameworks",
				);
				MARKETING_VERSION = 1.0;
				PRODUCT_BUNDLE_IDENTIFIER = com.Liyuan.GHFollowers;
				PRODUCT_NAME = "$(TARGET_NAME)";
				SWIFT_EMIT_LOC_STRINGS = YES;
				SWIFT_VERSION = 5.0;
				TARGETED_DEVICE_FAMILY = "1,2";
			};
			name = Release;
		};
/* End XCBuildConfiguration section */

/* Begin XCConfigurationList section */
		6765AE312B01F19F00DE6E2E /* Build configuration list for PBXProject "GHFollowers" */ = {
			isa = XCConfigurationList;
			buildConfigurations = (
				6765AE482B01F1A000DE6E2E /* Debug */,
				6765AE492B01F1A000DE6E2E /* Release */,
			);
			defaultConfigurationIsVisible = 0;
			defaultConfigurationName = Release;
		};
		6765AE4A2B01F1A000DE6E2E /* Build configuration list for PBXNativeTarget "GHFollowers" */ = {
			isa = XCConfigurationList;
			buildConfigurations = (
				6765AE4B2B01F1A000DE6E2E /* Debug */,
				6765AE4C2B01F1A000DE6E2E /* Release */,
			);
			defaultConfigurationIsVisible = 0;
			defaultConfigurationName = Release;
		};
/* End XCConfigurationList section */
	};
	rootObject = 6765AE2E2B01F19F00DE6E2E /* Project object */;
}
